// !$*UTF8*$!
{
	archiveVersion = 1;
	classes = {
	};
	objectVersion = 46;
	objects = {

/* Begin PBXBuildFile section */
		D226B2F31D3DA68000DC7D32 /* CategorySummaryTableViewCell.swift in Sources */ = {isa = PBXBuildFile; fileRef = D226B2F21D3DA68000DC7D32 /* CategorySummaryTableViewCell.swift */; };
		D25DA8301D32A380004FA4AA /* AppDelegate.swift in Sources */ = {isa = PBXBuildFile; fileRef = D25DA82F1D32A380004FA4AA /* AppDelegate.swift */; };
		D25DA8321D32A380004FA4AA /* ViewController.swift in Sources */ = {isa = PBXBuildFile; fileRef = D25DA8311D32A380004FA4AA /* ViewController.swift */; };
		D25DA8351D32A380004FA4AA /* Main.storyboard in Resources */ = {isa = PBXBuildFile; fileRef = D25DA8331D32A380004FA4AA /* Main.storyboard */; };
		D25DA8381D32A380004FA4AA /* Final_Project_myFinanceTracker.xcdatamodeld in Sources */ = {isa = PBXBuildFile; fileRef = D25DA8361D32A380004FA4AA /* Final_Project_myFinanceTracker.xcdatamodeld */; };
		D25DA83A1D32A380004FA4AA /* Assets.xcassets in Resources */ = {isa = PBXBuildFile; fileRef = D25DA8391D32A380004FA4AA /* Assets.xcassets */; };
		D25DA83D1D32A380004FA4AA /* LaunchScreen.storyboard in Resources */ = {isa = PBXBuildFile; fileRef = D25DA83B1D32A380004FA4AA /* LaunchScreen.storyboard */; };
		D25DA8461D32A80C004FA4AA /* money_box.png in Resources */ = {isa = PBXBuildFile; fileRef = D25DA8451D32A80C004FA4AA /* money_box.png */; };
		D25DA8651D3354CD004FA4AA /* Charts.framework in Frameworks */ = {isa = PBXBuildFile; fileRef = D25DA85E1D335440004FA4AA /* Charts.framework */; };
		D25DA8661D3354CD004FA4AA /* Charts.framework in Embed Frameworks */ = {isa = PBXBuildFile; fileRef = D25DA85E1D335440004FA4AA /* Charts.framework */; settings = {ATTRIBUTES = (CodeSignOnCopy, RemoveHeadersOnCopy, ); }; };
		D25DA86B1D3488E0004FA4AA /* HomeViewController.swift in Sources */ = {isa = PBXBuildFile; fileRef = D25DA86A1D3488E0004FA4AA /* HomeViewController.swift */; };
		D25DA86F1D349F40004FA4AA /* plus.png in Resources */ = {isa = PBXBuildFile; fileRef = D25DA86E1D349F40004FA4AA /* plus.png */; };
		D2977E171D375615001A74F6 /* receive_cash.png in Resources */ = {isa = PBXBuildFile; fileRef = D2977E161D375615001A74F6 /* receive_cash.png */; };
		D2977E191D375621001A74F6 /* card_in_use.png in Resources */ = {isa = PBXBuildFile; fileRef = D2977E181D375621001A74F6 /* card_in_use.png */; };
		D2977E1B1D375659001A74F6 /* check_book.png in Resources */ = {isa = PBXBuildFile; fileRef = D2977E1A1D375659001A74F6 /* check_book.png */; };
		D2977E1D1D387FE8001A74F6 /* wallet.png in Resources */ = {isa = PBXBuildFile; fileRef = D2977E1C1D387FE8001A74F6 /* wallet.png */; };
		D2977E201D38A554001A74F6 /* AddNewViewController.swift in Sources */ = {isa = PBXBuildFile; fileRef = D2977E1F1D38A554001A74F6 /* AddNewViewController.swift */; };
		D2977E221D38A660001A74F6 /* calendar.png in Resources */ = {isa = PBXBuildFile; fileRef = D2977E211D38A660001A74F6 /* calendar.png */; };
		D2977E241D3965BF001A74F6 /* CashFlowService.swift in Sources */ = {isa = PBXBuildFile; fileRef = D2977E231D3965BF001A74F6 /* CashFlowService.swift */; };
		D2977E291D3966B2001A74F6 /* CashFlow+CoreDataProperties.swift in Sources */ = {isa = PBXBuildFile; fileRef = D2977E271D3966B2001A74F6 /* CashFlow+CoreDataProperties.swift */; };
		D2977E2A1D3966B2001A74F6 /* CashFlow.swift in Sources */ = {isa = PBXBuildFile; fileRef = D2977E281D3966B2001A74F6 /* CashFlow.swift */; };
		D2D0EBA31D3B41CB00907085 /* CategoryViewController.swift in Sources */ = {isa = PBXBuildFile; fileRef = D2D0EBA21D3B41CB00907085 /* CategoryViewController.swift */; };
		D2D0EBA81D3BCE7200907085 /* CategoryTableViewCell.swift in Sources */ = {isa = PBXBuildFile; fileRef = D2D0EBA71D3BCE7200907085 /* CategoryTableViewCell.swift */; };
		D2D0EBAB1D3BDBD300907085 /* TransactionDetailTableViewController.swift in Sources */ = {isa = PBXBuildFile; fileRef = D2D0EBAA1D3BDBD300907085 /* TransactionDetailTableViewController.swift */; };
		D2D0EBAD1D3BE08100907085 /* TransactionDetailViewCell.swift in Sources */ = {isa = PBXBuildFile; fileRef = D2D0EBAC1D3BE08100907085 /* TransactionDetailViewCell.swift */; };
/* End PBXBuildFile section */

/* Begin PBXContainerItemProxy section */
		D25DA85D1D335440004FA4AA /* PBXContainerItemProxy */ = {
			isa = PBXContainerItemProxy;
			containerPortal = D25DA8561D335440004FA4AA /* Charts.xcodeproj */;
			proxyType = 2;
			remoteGlobalIDString = 5BA8EC401A9D14DC00CE82E1;
			remoteInfo = "Charts-iOS";
		};
		D25DA85F1D335440004FA4AA /* PBXContainerItemProxy */ = {
			isa = PBXContainerItemProxy;
			containerPortal = D25DA8561D335440004FA4AA /* Charts.xcodeproj */;
			proxyType = 2;
			remoteGlobalIDString = A52C5C371BAC5CA400594CDD;
			remoteInfo = "Charts-TV";
		};
		D25DA8611D335440004FA4AA /* PBXContainerItemProxy */ = {
			isa = PBXContainerItemProxy;
			containerPortal = D25DA8561D335440004FA4AA /* Charts.xcodeproj */;
			proxyType = 2;
			remoteGlobalIDString = 65B3F5BF1C7370BE000983D0;
			remoteInfo = "Charts-OSX";
		};
		D25DA8631D335440004FA4AA /* PBXContainerItemProxy */ = {
			isa = PBXContainerItemProxy;
			containerPortal = D25DA8561D335440004FA4AA /* Charts.xcodeproj */;
			proxyType = 2;
			remoteGlobalIDString = 06AEE7A21BDC3F8B009875AE;
			remoteInfo = ChartsTests;
		};
		D25DA8671D3354CD004FA4AA /* PBXContainerItemProxy */ = {
			isa = PBXContainerItemProxy;
			containerPortal = D25DA8561D335440004FA4AA /* Charts.xcodeproj */;
			proxyType = 1;
			remoteGlobalIDString = 5BA8EC3F1A9D14DC00CE82E1;
			remoteInfo = "Charts-iOS";
		};
/* End PBXContainerItemProxy section */

/* Begin PBXCopyFilesBuildPhase section */
		D25DA8691D3354CD004FA4AA /* Embed Frameworks */ = {
			isa = PBXCopyFilesBuildPhase;
			buildActionMask = 2147483647;
			dstPath = "";
			dstSubfolderSpec = 10;
			files = (
				D25DA8661D3354CD004FA4AA /* Charts.framework in Embed Frameworks */,
			);
			name = "Embed Frameworks";
			runOnlyForDeploymentPostprocessing = 0;
		};
/* End PBXCopyFilesBuildPhase section */

/* Begin PBXFileReference section */
		D226B2F21D3DA68000DC7D32 /* CategorySummaryTableViewCell.swift */ = {isa = PBXFileReference; fileEncoding = 4; lastKnownFileType = sourcecode.swift; path = CategorySummaryTableViewCell.swift; sourceTree = "<group>"; };
		D25DA82C1D32A380004FA4AA /* Final Project myFinanceTracker.app */ = {isa = PBXFileReference; explicitFileType = wrapper.application; includeInIndex = 0; path = "Final Project myFinanceTracker.app"; sourceTree = BUILT_PRODUCTS_DIR; };
		D25DA82F1D32A380004FA4AA /* AppDelegate.swift */ = {isa = PBXFileReference; lastKnownFileType = sourcecode.swift; path = AppDelegate.swift; sourceTree = "<group>"; };
		D25DA8311D32A380004FA4AA /* ViewController.swift */ = {isa = PBXFileReference; lastKnownFileType = sourcecode.swift; path = ViewController.swift; sourceTree = "<group>"; };
		D25DA8341D32A380004FA4AA /* Base */ = {isa = PBXFileReference; lastKnownFileType = file.storyboard; name = Base; path = Base.lproj/Main.storyboard; sourceTree = "<group>"; };
		D25DA8371D32A380004FA4AA /* Final_Project_myFinanceTracker.xcdatamodel */ = {isa = PBXFileReference; lastKnownFileType = wrapper.xcdatamodel; path = Final_Project_myFinanceTracker.xcdatamodel; sourceTree = "<group>"; };
		D25DA8391D32A380004FA4AA /* Assets.xcassets */ = {isa = PBXFileReference; lastKnownFileType = folder.assetcatalog; path = Assets.xcassets; sourceTree = "<group>"; };
		D25DA83C1D32A380004FA4AA /* Base */ = {isa = PBXFileReference; lastKnownFileType = file.storyboard; name = Base; path = Base.lproj/LaunchScreen.storyboard; sourceTree = "<group>"; };
		D25DA83E1D32A380004FA4AA /* Info.plist */ = {isa = PBXFileReference; lastKnownFileType = text.plist.xml; path = Info.plist; sourceTree = "<group>"; };
		D25DA8451D32A80C004FA4AA /* money_box.png */ = {isa = PBXFileReference; lastKnownFileType = image.png; path = money_box.png; sourceTree = "<group>"; };
		D25DA8561D335440004FA4AA /* Charts.xcodeproj */ = {isa = PBXFileReference; lastKnownFileType = "wrapper.pb-project"; name = Charts.xcodeproj; path = Charts/Charts.xcodeproj; sourceTree = "<group>"; };
		D25DA86A1D3488E0004FA4AA /* HomeViewController.swift */ = {isa = PBXFileReference; fileEncoding = 4; lastKnownFileType = sourcecode.swift; path = HomeViewController.swift; sourceTree = "<group>"; };
		D25DA86E1D349F40004FA4AA /* plus.png */ = {isa = PBXFileReference; lastKnownFileType = image.png; path = plus.png; sourceTree = "<group>"; };
		D2977E161D375615001A74F6 /* receive_cash.png */ = {isa = PBXFileReference; lastKnownFileType = image.png; path = receive_cash.png; sourceTree = "<group>"; };
		D2977E181D375621001A74F6 /* card_in_use.png */ = {isa = PBXFileReference; lastKnownFileType = image.png; path = card_in_use.png; sourceTree = "<group>"; };
		D2977E1A1D375659001A74F6 /* check_book.png */ = {isa = PBXFileReference; lastKnownFileType = image.png; path = check_book.png; sourceTree = "<group>"; };
		D2977E1C1D387FE8001A74F6 /* wallet.png */ = {isa = PBXFileReference; lastKnownFileType = image.png; path = wallet.png; sourceTree = "<group>"; };
		D2977E1F1D38A554001A74F6 /* AddNewViewController.swift */ = {isa = PBXFileReference; fileEncoding = 4; lastKnownFileType = sourcecode.swift; path = AddNewViewController.swift; sourceTree = "<group>"; };
		D2977E211D38A660001A74F6 /* calendar.png */ = {isa = PBXFileReference; lastKnownFileType = image.png; path = calendar.png; sourceTree = "<group>"; };
		D2977E231D3965BF001A74F6 /* CashFlowService.swift */ = {isa = PBXFileReference; fileEncoding = 4; lastKnownFileType = sourcecode.swift; path = CashFlowService.swift; sourceTree = "<group>"; };
		D2977E271D3966B2001A74F6 /* CashFlow+CoreDataProperties.swift */ = {isa = PBXFileReference; fileEncoding = 4; lastKnownFileType = sourcecode.swift; path = "CashFlow+CoreDataProperties.swift"; sourceTree = "<group>"; };
		D2977E281D3966B2001A74F6 /* CashFlow.swift */ = {isa = PBXFileReference; fileEncoding = 4; lastKnownFileType = sourcecode.swift; path = CashFlow.swift; sourceTree = "<group>"; };
		D2D0EBA21D3B41CB00907085 /* CategoryViewController.swift */ = {isa = PBXFileReference; fileEncoding = 4; lastKnownFileType = sourcecode.swift; path = CategoryViewController.swift; sourceTree = "<group>"; };
		D2D0EBA71D3BCE7200907085 /* CategoryTableViewCell.swift */ = {isa = PBXFileReference; fileEncoding = 4; lastKnownFileType = sourcecode.swift; path = CategoryTableViewCell.swift; sourceTree = "<group>"; };
		D2D0EBAA1D3BDBD300907085 /* TransactionDetailTableViewController.swift */ = {isa = PBXFileReference; fileEncoding = 4; lastKnownFileType = sourcecode.swift; path = TransactionDetailTableViewController.swift; sourceTree = "<group>"; };
		D2D0EBAC1D3BE08100907085 /* TransactionDetailViewCell.swift */ = {isa = PBXFileReference; fileEncoding = 4; lastKnownFileType = sourcecode.swift; path = TransactionDetailViewCell.swift; sourceTree = "<group>"; };
/* End PBXFileReference section */

/* Begin PBXFrameworksBuildPhase section */
		D25DA8291D32A380004FA4AA /* Frameworks */ = {
			isa = PBXFrameworksBuildPhase;
			buildActionMask = 2147483647;
			files = (
				D25DA8651D3354CD004FA4AA /* Charts.framework in Frameworks */,
			);
			runOnlyForDeploymentPostprocessing = 0;
		};
/* End PBXFrameworksBuildPhase section */

/* Begin PBXGroup section */
		D25DA8231D32A380004FA4AA = {
			isa = PBXGroup;
			children = (
				D2977E271D3966B2001A74F6 /* CashFlow+CoreDataProperties.swift */,
				D2977E281D3966B2001A74F6 /* CashFlow.swift */,
				D25DA8561D335440004FA4AA /* Charts.xcodeproj */,
				D25DA82E1D32A380004FA4AA /* Final Project myFinanceTracker */,
				D25DA82D1D32A380004FA4AA /* Products */,
			);
			sourceTree = "<group>";
		};
		D25DA82D1D32A380004FA4AA /* Products */ = {
			isa = PBXGroup;
			children = (
				D25DA82C1D32A380004FA4AA /* Final Project myFinanceTracker.app */,
			);
			name = Products;
			sourceTree = "<group>";
		};
		D25DA82E1D32A380004FA4AA /* Final Project myFinanceTracker */ = {
			isa = PBXGroup;
			children = (
				D2D0EBA91D3BD3A800907085 /* Libraries */,
				D25DA8441D32A7E5004FA4AA /* Images */,
				D25DA82F1D32A380004FA4AA /* AppDelegate.swift */,
				D25DA86A1D3488E0004FA4AA /* HomeViewController.swift */,
				D2977E1F1D38A554001A74F6 /* AddNewViewController.swift */,
				D25DA8311D32A380004FA4AA /* ViewController.swift */,
				D2D0EBA71D3BCE7200907085 /* CategoryTableViewCell.swift */,
				D2D0EBA21D3B41CB00907085 /* CategoryViewController.swift */,
				D226B2F21D3DA68000DC7D32 /* CategorySummaryTableViewCell.swift */,
				D2D0EBAA1D3BDBD300907085 /* TransactionDetailTableViewController.swift */,
				D2D0EBAC1D3BE08100907085 /* TransactionDetailViewCell.swift */,
				D25DA8331D32A380004FA4AA /* Main.storyboard */,
				D25DA8391D32A380004FA4AA /* Assets.xcassets */,
				D25DA83B1D32A380004FA4AA /* LaunchScreen.storyboard */,
				D25DA83E1D32A380004FA4AA /* Info.plist */,
				D25DA8361D32A380004FA4AA /* Final_Project_myFinanceTracker.xcdatamodeld */,
			);
			path = "Final Project myFinanceTracker";
			sourceTree = "<group>";
		};
		D25DA8441D32A7E5004FA4AA /* Images */ = {
			isa = PBXGroup;
			children = (
				D2977E211D38A660001A74F6 /* calendar.png */,
				D2977E1C1D387FE8001A74F6 /* wallet.png */,
				D2977E1A1D375659001A74F6 /* check_book.png */,
				D2977E181D375621001A74F6 /* card_in_use.png */,
				D2977E161D375615001A74F6 /* receive_cash.png */,
				D25DA86E1D349F40004FA4AA /* plus.png */,
				D25DA8451D32A80C004FA4AA /* money_box.png */,
			);
			name = Images;
			sourceTree = "<group>";
		};
		D25DA8571D335440004FA4AA /* Products */ = {
			isa = PBXGroup;
			children = (
				D25DA85E1D335440004FA4AA /* Charts.framework */,
				D25DA8601D335440004FA4AA /* Charts.framework */,
				D25DA8621D335440004FA4AA /* Charts.framework */,
				D25DA8641D335440004FA4AA /* ChartsTests.xctest */,
			);
			name = Products;
			sourceTree = "<group>";
		};
		D2D0EBA91D3BD3A800907085 /* Libraries */ = {
			isa = PBXGroup;
			children = (
				D2977E231D3965BF001A74F6 /* CashFlowService.swift */,
			);
			name = Libraries;
			sourceTree = "<group>";
		};
/* End PBXGroup section */

/* Begin PBXNativeTarget section */
		D25DA82B1D32A380004FA4AA /* Final Project myFinanceTracker */ = {
			isa = PBXNativeTarget;
			buildConfigurationList = D25DA8411D32A380004FA4AA /* Build configuration list for PBXNativeTarget "Final Project myFinanceTracker" */;
			buildPhases = (
				D25DA8281D32A380004FA4AA /* Sources */,
				D25DA8291D32A380004FA4AA /* Frameworks */,
				D25DA82A1D32A380004FA4AA /* Resources */,
				D25DA8691D3354CD004FA4AA /* Embed Frameworks */,
			);
			buildRules = (
			);
			dependencies = (
				D25DA8681D3354CD004FA4AA /* PBXTargetDependency */,
			);
			name = "Final Project myFinanceTracker";
			productName = "Final Project myFinanceTracker";
			productReference = D25DA82C1D32A380004FA4AA /* Final Project myFinanceTracker.app */;
			productType = "com.apple.product-type.application";
		};
/* End PBXNativeTarget section */

/* Begin PBXProject section */
		D25DA8241D32A380004FA4AA /* Project object */ = {
			isa = PBXProject;
			attributes = {
				LastSwiftUpdateCheck = 0730;
				LastUpgradeCheck = 0730;
				ORGANIZATIONNAME = cs2680;
				TargetAttributes = {
					D25DA82B1D32A380004FA4AA = {
						CreatedOnToolsVersion = 7.3.1;
					};
				};
			};
			buildConfigurationList = D25DA8271D32A380004FA4AA /* Build configuration list for PBXProject "Final Project myFinanceTracker" */;
			compatibilityVersion = "Xcode 3.2";
			developmentRegion = English;
			hasScannedForEncodings = 0;
			knownRegions = (
				en,
				Base,
			);
			mainGroup = D25DA8231D32A380004FA4AA;
			productRefGroup = D25DA82D1D32A380004FA4AA /* Products */;
			projectDirPath = "";
			projectReferences = (
				{
					ProductGroup = D25DA8571D335440004FA4AA /* Products */;
					ProjectRef = D25DA8561D335440004FA4AA /* Charts.xcodeproj */;
				},
			);
			projectRoot = "";
			targets = (
				D25DA82B1D32A380004FA4AA /* Final Project myFinanceTracker */,
			);
		};
/* End PBXProject section */

/* Begin PBXReferenceProxy section */
		D25DA85E1D335440004FA4AA /* Charts.framework */ = {
			isa = PBXReferenceProxy;
			fileType = wrapper.framework;
			path = Charts.framework;
			remoteRef = D25DA85D1D335440004FA4AA /* PBXContainerItemProxy */;
			sourceTree = BUILT_PRODUCTS_DIR;
		};
		D25DA8601D335440004FA4AA /* Charts.framework */ = {
			isa = PBXReferenceProxy;
			fileType = wrapper.framework;
			path = Charts.framework;
			remoteRef = D25DA85F1D335440004FA4AA /* PBXContainerItemProxy */;
			sourceTree = BUILT_PRODUCTS_DIR;
		};
		D25DA8621D335440004FA4AA /* Charts.framework */ = {
			isa = PBXReferenceProxy;
			fileType = wrapper.framework;
			path = Charts.framework;
			remoteRef = D25DA8611D335440004FA4AA /* PBXContainerItemProxy */;
			sourceTree = BUILT_PRODUCTS_DIR;
		};
		D25DA8641D335440004FA4AA /* ChartsTests.xctest */ = {
			isa = PBXReferenceProxy;
			fileType = wrapper.cfbundle;
			path = ChartsTests.xctest;
			remoteRef = D25DA8631D335440004FA4AA /* PBXContainerItemProxy */;
			sourceTree = BUILT_PRODUCTS_DIR;
		};
/* End PBXReferenceProxy section */

/* Begin PBXResourcesBuildPhase section */
		D25DA82A1D32A380004FA4AA /* Resources */ = {
			isa = PBXResourcesBuildPhase;
			buildActionMask = 2147483647;
			files = (
				D2977E171D375615001A74F6 /* receive_cash.png in Resources */,
				D2977E1D1D387FE8001A74F6 /* wallet.png in Resources */,
				D2977E1B1D375659001A74F6 /* check_book.png in Resources */,
				D25DA8461D32A80C004FA4AA /* money_box.png in Resources */,
				D25DA86F1D349F40004FA4AA /* plus.png in Resources */,
				D25DA83D1D32A380004FA4AA /* LaunchScreen.storyboard in Resources */,
				D2977E191D375621001A74F6 /* card_in_use.png in Resources */,
				D2977E221D38A660001A74F6 /* calendar.png in Resources */,
				D25DA83A1D32A380004FA4AA /* Assets.xcassets in Resources */,
				D25DA8351D32A380004FA4AA /* Main.storyboard in Resources */,
			);
			runOnlyForDeploymentPostprocessing = 0;
		};
/* End PBXResourcesBuildPhase section */

/* Begin PBXSourcesBuildPhase section */
		D25DA8281D32A380004FA4AA /* Sources */ = {
			isa = PBXSourcesBuildPhase;
			buildActionMask = 2147483647;
			files = (
				D2D0EBAB1D3BDBD300907085 /* TransactionDetailTableViewController.swift in Sources */,
				D2977E2A1D3966B2001A74F6 /* CashFlow.swift in Sources */,
				D2977E201D38A554001A74F6 /* AddNewViewController.swift in Sources */,
				D226B2F31D3DA68000DC7D32 /* CategorySummaryTableViewCell.swift in Sources */,
				D25DA8321D32A380004FA4AA /* ViewController.swift in Sources */,
				D2977E291D3966B2001A74F6 /* CashFlow+CoreDataProperties.swift in Sources */,
				D2977E241D3965BF001A74F6 /* CashFlowService.swift in Sources */,
				D2D0EBAD1D3BE08100907085 /* TransactionDetailViewCell.swift in Sources */,
				D2D0EBA81D3BCE7200907085 /* CategoryTableViewCell.swift in Sources */,
				D25DA8381D32A380004FA4AA /* Final_Project_myFinanceTracker.xcdatamodeld in Sources */,
				D25DA8301D32A380004FA4AA /* AppDelegate.swift in Sources */,
				D2D0EBA31D3B41CB00907085 /* CategoryViewController.swift in Sources */,
				D25DA86B1D3488E0004FA4AA /* HomeViewController.swift in Sources */,
			);
			runOnlyForDeploymentPostprocessing = 0;
		};
/* End PBXSourcesBuildPhase section */

/* Begin PBXTargetDependency section */
		D25DA8681D3354CD004FA4AA /* PBXTargetDependency */ = {
			isa = PBXTargetDependency;
			name = "Charts-iOS";
			targetProxy = D25DA8671D3354CD004FA4AA /* PBXContainerItemProxy */;
		};
/* End PBXTargetDependency section */

/* Begin PBXVariantGroup section */
		D25DA8331D32A380004FA4AA /* Main.storyboard */ = {
			isa = PBXVariantGroup;
			children = (
				D25DA8341D32A380004FA4AA /* Base */,
			);
			name = Main.storyboard;
			sourceTree = "<group>";
		};
		D25DA83B1D32A380004FA4AA /* LaunchScreen.storyboard */ = {
			isa = PBXVariantGroup;
			children = (
				D25DA83C1D32A380004FA4AA /* Base */,
			);
			name = LaunchScreen.storyboard;
			sourceTree = "<group>";
		};
/* End PBXVariantGroup section */

/* Begin XCBuildConfiguration section */
		D25DA83F1D32A380004FA4AA /* Debug */ = {
			isa = XCBuildConfiguration;
			buildSettings = {
				ALWAYS_SEARCH_USER_PATHS = NO;
				CLANG_ANALYZER_NONNULL = YES;
				CLANG_CXX_LANGUAGE_STANDARD = "gnu++0x";
				CLANG_CXX_LIBRARY = "libc++";
				CLANG_ENABLE_MODULES = YES;
				CLANG_ENABLE_OBJC_ARC = YES;
				CLANG_WARN_BOOL_CONVERSION = YES;
				CLANG_WARN_CONSTANT_CONVERSION = YES;
				CLANG_WARN_DIRECT_OBJC_ISA_USAGE = YES_ERROR;
				CLANG_WARN_EMPTY_BODY = YES;
				CLANG_WARN_ENUM_CONVERSION = YES;
				CLANG_WARN_INT_CONVERSION = YES;
				CLANG_WARN_OBJC_ROOT_CLASS = YES_ERROR;
				CLANG_WARN_UNREACHABLE_CODE = YES;
				CLANG_WARN__DUPLICATE_METHOD_MATCH = YES;
				"CODE_SIGN_IDENTITY[sdk=iphoneos*]" = "iPhone Developer";
				COPY_PHASE_STRIP = NO;
				DEBUG_INFORMATION_FORMAT = dwarf;
				ENABLE_STRICT_OBJC_MSGSEND = YES;
				ENABLE_TESTABILITY = YES;
				GCC_C_LANGUAGE_STANDARD = gnu99;
				GCC_DYNAMIC_NO_PIC = NO;
				GCC_NO_COMMON_BLOCKS = YES;
				GCC_OPTIMIZATION_LEVEL = 0;
				GCC_PREPROCESSOR_DEFINITIONS = (
					"DEBUG=1",
					"$(inherited)",
				);
				GCC_WARN_64_TO_32_BIT_CONVERSION = YES;
				GCC_WARN_ABOUT_RETURN_TYPE = YES_ERROR;
				GCC_WARN_UNDECLARED_SELECTOR = YES;
				GCC_WARN_UNINITIALIZED_AUTOS = YES_AGGRESSIVE;
				GCC_WARN_UNUSED_FUNCTION = YES;
				GCC_WARN_UNUSED_VARIABLE = YES;
				IPHONEOS_DEPLOYMENT_TARGET = 9.3;
				MTL_ENABLE_DEBUG_INFO = YES;
				ONLY_ACTIVE_ARCH = YES;
				SDKROOT = iphoneos;
				SWIFT_OPTIMIZATION_LEVEL = "-Onone";
			};
			name = Debug;
		};
		D25DA8401D32A380004FA4AA /* Release */ = {
			isa = XCBuildConfiguration;
			buildSettings = {
				ALWAYS_SEARCH_USER_PATHS = NO;
				CLANG_ANALYZER_NONNULL = YES;
				CLANG_CXX_LANGUAGE_STANDARD = "gnu++0x";
				CLANG_CXX_LIBRARY = "libc++";
				CLANG_ENABLE_MODULES = YES;
				CLANG_ENABLE_OBJC_ARC = YES;
				CLANG_WARN_BOOL_CONVERSION = YES;
				CLANG_WARN_CONSTANT_CONVERSION = YES;
				CLANG_WARN_DIRECT_OBJC_ISA_USAGE = YES_ERROR;
				CLANG_WARN_EMPTY_BODY = YES;
				CLANG_WARN_ENUM_CONVERSION = YES;
				CLANG_WARN_INT_CONVERSION = YES;
				CLANG_WARN_OBJC_ROOT_CLASS = YES_ERROR;
				CLANG_WARN_UNREACHABLE_CODE = YES;
				CLANG_WARN__DUPLICATE_METHOD_MATCH = YES;
				"CODE_SIGN_IDENTITY[sdk=iphoneos*]" = "iPhone Developer";
				COPY_PHASE_STRIP = NO;
				DEBUG_INFORMATION_FORMAT = "dwarf-with-dsym";
				ENABLE_NS_ASSERTIONS = NO;
				ENABLE_STRICT_OBJC_MSGSEND = YES;
				GCC_C_LANGUAGE_STANDARD = gnu99;
				GCC_NO_COMMON_BLOCKS = YES;
				GCC_WARN_64_TO_32_BIT_CONVERSION = YES;
				GCC_WARN_ABOUT_RETURN_TYPE = YES_ERROR;
				GCC_WARN_UNDECLARED_SELECTOR = YES;
				GCC_WARN_UNINITIALIZED_AUTOS = YES_AGGRESSIVE;
				GCC_WARN_UNUSED_FUNCTION = YES;
				GCC_WARN_UNUSED_VARIABLE = YES;
				IPHONEOS_DEPLOYMENT_TARGET = 9.3;
				MTL_ENABLE_DEBUG_INFO = NO;
				SDKROOT = iphoneos;
				VALIDATE_PRODUCT = YES;
			};
			name = Release;
		};
		D25DA8421D32A380004FA4AA /* Debug */ = {
			isa = XCBuildConfiguration;
			buildSettings = {
				ASSETCATALOG_COMPILER_APPICON_NAME = AppIcon;
				EMBEDDED_CONTENT_CONTAINS_SWIFT = YES;
				INFOPLIST_FILE = "Final Project myFinanceTracker/Info.plist";
				LD_RUNPATH_SEARCH_PATHS = "$(inherited) @executable_path/Frameworks";
				PRODUCT_BUNDLE_IDENTIFIER = "cs2680.Final-Project-myFinanceTracker";
				PRODUCT_NAME = "$(TARGET_NAME)";
			};
			name = Debug;
		};
		D25DA8431D32A380004FA4AA /* Release */ = {
			isa = XCBuildConfiguration;
			buildSettings = {
				ASSETCATALOG_COMPILER_APPICON_NAME = AppIcon;
				EMBEDDED_CONTENT_CONTAINS_SWIFT = YES;
				INFOPLIST_FILE = "Final Project myFinanceTracker/Info.plist";
				LD_RUNPATH_SEARCH_PATHS = "$(inherited) @executable_path/Frameworks";
				PRODUCT_BUNDLE_IDENTIFIER = "cs2680.Final-Project-myFinanceTracker";
				PRODUCT_NAME = "$(TARGET_NAME)";
			};
			name = Release;
		};
/* End XCBuildConfiguration section */

/* Begin XCConfigurationList section */
		D25DA8271D32A380004FA4AA /* Build configuration list for PBXProject "Final Project myFinanceTracker" */ = {
			isa = XCConfigurationList;
			buildConfigurations = (
				D25DA83F1D32A380004FA4AA /* Debug */,
				D25DA8401D32A380004FA4AA /* Release */,
			);
			defaultConfigurationIsVisible = 0;
			defaultConfigurationName = Release;
		};
		D25DA8411D32A380004FA4AA /* Build configuration list for PBXNativeTarget "Final Project myFinanceTracker" */ = {
			isa = XCConfigurationList;
			buildConfigurations = (
				D25DA8421D32A380004FA4AA /* Debug */,
				D25DA8431D32A380004FA4AA /* Release */,
			);
			defaultConfigurationIsVisible = 0;
			defaultConfigurationName = Release;
		};
/* End XCConfigurationList section */

/* Begin XCVersionGroup section */
		D25DA8361D32A380004FA4AA /* Final_Project_myFinanceTracker.xcdatamodeld */ = {
			isa = XCVersionGroup;
			children = (
				D25DA8371D32A380004FA4AA /* Final_Project_myFinanceTracker.xcdatamodel */,
			);
			currentVersion = D25DA8371D32A380004FA4AA /* Final_Project_myFinanceTracker.xcdatamodel */;
			path = Final_Project_myFinanceTracker.xcdatamodeld;
			sourceTree = "<group>";
			versionGroupType = wrapper.xcdatamodel;
		};
/* End XCVersionGroup section */
	};
	rootObject = D25DA8241D32A380004FA4AA /* Project object */;
}
